<?xml version="1.0" encoding="UTF-8" standalone="yes" ?>
<CodeBlocks_project_file>
	<FileVersion major="1" minor="6" />
	<Project>
		<Option title="Projectant - v. 0. 1." />
		<Option makefile="../Projectant - v. 0. 1/Makefile" />
		<Option pch_mode="2" />
		<Option compiler="gcc" />
		<Build>
			<Target title="Debug">
				<Option output="bin/Debug/Projectant - v" prefix_auto="1" extension_auto="1" />
				<Option object_output="obj/Debug/" />
				<Option type="1" />
				<Option compiler="gcc" />
				<Compiler>
					<Add option="-g" />
				</Compiler>
			</Target>
			<Target title="Release">
				<Option output="bin/Release/Projectant - v" prefix_auto="1" extension_auto="1" />
				<Option object_output="obj/Release/" />
				<Option type="1" />
				<Option compiler="gcc" />
				<Compiler>
					<Add option="-O2" />
				</Compiler>
				<Linker>
					<Add option="-s" />
				</Linker>
			</Target>
		</Build>
		<Compiler>
			<Add option="-Wall" />
			<Add option="-fexceptions" />
		</Compiler>
		<Unit filename="../Projectant - v. 0. 1/Projectant.h" />
		<Unit filename="../Projectant - v. 0. 1/include/Prevod.h" />
		<Unit filename="../Projectant - v. 0. 1/include/clovek-hrac.h" />
		<Unit filename="../Projectant - v. 0. 1/include/definice.h" />
		<Unit filename="../Projectant - v. 0. 1/include/logovani.h" />
		<Unit filename="../Projectant - v. 0. 1/include/nabarvy.h" />
		<Unit filename="../Projectant - v. 0. 1/include/nacti,otevri_prace.h" />
		<Unit filename="../Projectant - v. 0. 1/include/nastaveni.h" />
		<Unit filename="../Projectant - v. 0. 1/include/obchodnik.h" />
		<Unit filename="../Projectant - v. 0. 1/include/startaupravy.h" />
		<Unit filename="../Projectant - v. 0. 1/include/stiraciLosy.h" />
		<Unit filename="../Projectant - v. 0. 1/src/Prevod.cpp" />
		<Unit filename="main.cpp" />
		<Extensions>
			<code_completion />
			<envvars />
			<debugger />
		</Extensions>
	</Project>
</CodeBlocks_project_file>
